{
  "version": 4,
  "terraform_version": "1.3.3",
  "serial": 2,
  "lineage": "4e3d1eb4-a4ee-8d9c-5656-2ed794c211f3",
  "outputs": {},
  "resources": [
    {
      "mode": "managed",
      "type": "aws_vpc",
      "name": "name",
      "provider": "provider[\"registry.terraform.io/hashicorp/aws\"]",
      "instances": [
        {
          "schema_version": 1,
          "attributes": {
            "arn": "arn:aws:ec2:us-east-1:914108164546:vpc/vpc-0a66030a9c4fd1598",
            "assign_generated_ipv6_cidr_block": false,
            "cidr_block": "10.0.5.0/28",
            "default_network_acl_id": "acl-033771ff71bd3d970",
            "default_route_table_id": "rtb-05e630e9cac0e176e",
            "default_security_group_id": "sg-0f10bdbf48611ad3d",
            "dhcp_options_id": "dopt-036aedba5c2b1de76",
            "enable_classiclink": false,
            "enable_classiclink_dns_support": false,
            "enable_dns_hostnames": false,
            "enable_dns_support": true,
            "enable_network_address_usage_metrics": false,
            "id": "vpc-0a66030a9c4fd1598",
            "instance_tenancy": "default",
            "ipv4_ipam_pool_id": null,
            "ipv4_netmask_length": null,
            "ipv6_association_id": "",
            "ipv6_cidr_block": "",
            "ipv6_cidr_block_network_border_group": "",
            "ipv6_ipam_pool_id": "",
            "ipv6_netmask_length": 0,
            "main_route_table_id": "rtb-05e630e9cac0e176e",
            "owner_id": "914108164546",
            "tags": null,
            "tags_all": {}
          },
          "sensitive_attributes": [],
          "private": "eyJzY2hlbWFfdmVyc2lvbiI6IjEifQ=="
        }
      ]
    }
  ],
  "check_results": []
}
